%{"exactor": {:git, "git://github.com/sasa1977/exactor.git", "a79ef3ba65c7e6a5fa4f9a1a9016c95bce3bbdcb", []},
  "exlager": {:git, "git://github.com/khia/exlager.git", "d3d73b2a3d0f7b8f3da11a02b5f9384da6c62110", []},
  "goldrush": {:git, "git://github.com/DeadZen/goldrush.git", "71e63212f12c25827e0c1b4198d37d5d018a7fec", [tag: "0.1.6"]},
  "hackney": {:git, "git://github.com/benoitc/hackney.git", "e18bdd2f68840c8fddd77875b06079087290e5cc", []},
  "hackney_lib": {:git, "git://github.com/benoitc/hackney_lib.git", "8050fe58fa6e6321fd38a255d0b61f7200f8648d", []},
  "httpoison": {:git, "git://github.com/d0rc/httpoison.git", "ea15882cdd52f121d9a4d3fbbc0139cd5b9218a4", []},
  "idna": {:git, "git://github.com/benoitc/erlang-idna.git", "301213678cc727aeab09e57d8c8da5297eb9f040", []},
  "jazz": {:git, "git://github.com/meh/jazz.git", "24b6eedb87aff6e97c5116f94d48476acb46dffe", []},
  "lager": {:git, "https://github.com/basho/lager.git", "4d8291edb72a25ac0efde907e2ecaa115108ff90", []},
  "lax": {:git, "git://github.com/d0rc/lax.git", "ba75f69d1de0b99c1eeccb28d84ffac2b28ce261", []}}
